
Microsoft Visual Studio Solution File, Format Version 12.00
# Visual Studio Version 17
VisualStudioVersion = 17.6.33723.286
MinimumVisualStudioVersion = 10.0.40219.1
Project("{FAE04EC0-301F-11D3-BF4B-00C04F79EFBC}") = "Tikkit_SolpacWeb", "Tikkit_SolpacWeb\Tikkit_SolpacWeb.csproj", "{932EBB74-A270-46FA-BFCA-4989959C2033}"
EndProject
Global
	GlobalSection(SolutionConfigurationPlatforms) = preSolution
		Debug|Any CPU = Debug|Any CPU
		Release|Any CPU = Release|Any CPU
	EndGlobalSection
	GlobalSection(ProjectConfigurationPlatforms) = postSolution
		{932EBB74-A270-46FA-BFCA-4989959C2033}.Debug|Any CPU.ActiveCfg = Debug|Any CPU
		{932EBB74-A270-46FA-BFCA-4989959C2033}.Debug|Any CPU.Build.0 = Debug|Any CPU
		{932EBB74-A270-46FA-BFCA-4989959C2033}.Release|Any CPU.ActiveCfg = Release|Any CPU
		{932EBB74-A270-46FA-BFCA-4989959C2033}.Release|Any CPU.Build.0 = Release|Any CPU
	EndGlobalSection
	GlobalSection(SolutionProperties) = preSolution
		HideSolutionNode = FALSE
	EndGlobalSection
	GlobalSection(ExtensibilityGlobals) = postSolution
		SolutionGuid = {73990404-671C-4D3E-9DE7-B18D1C0E6730}
	EndGlobalSection
EndGlobal
